
Microsoft Visual Studio Solution File, Format Version 12.00
# Visual Studio 15
VisualStudioVersion = 15.0.26730.12
MinimumVisualStudioVersion = 10.0.40219.1
Project("{9A19103F-16F7-4668-BE54-9A1E7A4F7556}") = "GraphQL.Relay", "src\GraphQL.Relay\GraphQL.Relay.csproj", "{46076F16-C4F7-4879-903D-70D75DD8B3EF}"
EndProject
Project("{9A19103F-16F7-4668-BE54-9A1E7A4F7556}") = "GraphQL.Relay.Test", "src\GraphQL.Relay.Test\GraphQL.Relay.Test.csproj", "{98919E02-8204-469C-B3DB-16DF21EA50D0}"
EndProject
Project("{9A19103F-16F7-4668-BE54-9A1E7A4F7556}") = "GraphQL.Relay.StarWars", "src\GraphQL.Relay.StarWars\GraphQL.Relay.StarWars.csproj", "{43F14E11-5D11-427C-B4F7-D68B2339E837}"
EndProject
Global
	GlobalSection(SolutionConfigurationPlatforms) = preSolution
		Debug|Any CPU = Debug|Any CPU
		Release|Any CPU = Release|Any CPU
	EndGlobalSection
	GlobalSection(ProjectConfigurationPlatforms) = postSolution
		{46076F16-C4F7-4879-903D-70D75DD8B3EF}.Debug|Any CPU.ActiveCfg = Debug|Any CPU
		{46076F16-C4F7-4879-903D-70D75DD8B3EF}.Debug|Any CPU.Build.0 = Debug|Any CPU
		{46076F16-C4F7-4879-903D-70D75DD8B3EF}.Release|Any CPU.ActiveCfg = Release|Any CPU
		{46076F16-C4F7-4879-903D-70D75DD8B3EF}.Release|Any CPU.Build.0 = Release|Any CPU
		{98919E02-8204-469C-B3DB-16DF21EA50D0}.Debug|Any CPU.ActiveCfg = Debug|Any CPU
		{98919E02-8204-469C-B3DB-16DF21EA50D0}.Debug|Any CPU.Build.0 = Debug|Any CPU
		{98919E02-8204-469C-B3DB-16DF21EA50D0}.Release|Any CPU.ActiveCfg = Release|Any CPU
		{98919E02-8204-469C-B3DB-16DF21EA50D0}.Release|Any CPU.Build.0 = Release|Any CPU
		{43F14E11-5D11-427C-B4F7-D68B2339E837}.Debug|Any CPU.ActiveCfg = Debug|Any CPU
		{43F14E11-5D11-427C-B4F7-D68B2339E837}.Debug|Any CPU.Build.0 = Debug|Any CPU
		{43F14E11-5D11-427C-B4F7-D68B2339E837}.Release|Any CPU.ActiveCfg = Release|Any CPU
		{43F14E11-5D11-427C-B4F7-D68B2339E837}.Release|Any CPU.Build.0 = Release|Any CPU
	EndGlobalSection
	GlobalSection(SolutionProperties) = preSolution
		HideSolutionNode = FALSE
	EndGlobalSection
	GlobalSection(ExtensibilityGlobals) = postSolution
		SolutionGuid = {26C9760C-72D8-43A7-B0D6-FA4AE10D5F06}
	EndGlobalSection
EndGlobal
